
Microsoft Visual Studio Solution File, Format Version 12.00
# Visual Studio 15
VisualStudioVersion = 15.0.28307.168
MinimumVisualStudioVersion = 10.0.40219.1
Project("{9A19103F-16F7-4668-BE54-9A1E7A4F7556}") = "ChiroDashWebApi", "ChiroDashWebApi.csproj", "{A62F5C2F-F8DE-48E8-8D20-C32EF34DEC71}"
EndProject
Global
	GlobalSection(SolutionConfigurationPlatforms) = preSolution
		Debug|Any CPU = Debug|Any CPU
		Release|Any CPU = Release|Any CPU
	EndGlobalSection
	GlobalSection(ProjectConfigurationPlatforms) = postSolution
		{A62F5C2F-F8DE-48E8-8D20-C32EF34DEC71}.Debug|Any CPU.ActiveCfg = Debug|Any CPU
		{A62F5C2F-F8DE-48E8-8D20-C32EF34DEC71}.Debug|Any CPU.Build.0 = Debug|Any CPU
		{A62F5C2F-F8DE-48E8-8D20-C32EF34DEC71}.Release|Any CPU.ActiveCfg = Release|Any CPU
		{A62F5C2F-F8DE-48E8-8D20-C32EF34DEC71}.Release|Any CPU.Build.0 = Release|Any CPU
	EndGlobalSection
	GlobalSection(SolutionProperties) = preSolution
		HideSolutionNode = FALSE
	EndGlobalSection
	GlobalSection(ExtensibilityGlobals) = postSolution
		SolutionGuid = {55315D24-70F2-4DF1-AD49-37AEEE61B85E}
	EndGlobalSection
EndGlobal
